// !$*UTF8*$!
{
	archiveVersion = 1;
	classes = {
	};
	objectVersion = 50;
	objects = {

/* Begin PBXBuildFile section */
		67AE3DB12590C1E500C17482 /* UI_80App.swift in Sources */ = {isa = PBXBuildFile; fileRef = 67AE3DB02590C1E500C17482 /* UI_80App.swift */; };
		67AE3DB32590C1E500C17482 /* ContentView.swift in Sources */ = {isa = PBXBuildFile; fileRef = 67AE3DB22590C1E500C17482 /* ContentView.swift */; };
		67AE3DB52590C1E800C17482 /* Assets.xcassets in Resources */ = {isa = PBXBuildFile; fileRef = 67AE3DB42590C1E800C17482 /* Assets.xcassets */; };
		67AE3DB82590C1E800C17482 /* Preview Assets.xcassets in Resources */ = {isa = PBXBuildFile; fileRef = 67AE3DB72590C1E800C17482 /* Preview Assets.xcassets */; };
		67AE3DC32590C1E800C17482 /* UI_80Tests.swift in Sources */ = {isa = PBXBuildFile; fileRef = 67AE3DC22590C1E800C17482 /* UI_80Tests.swift */; };
		67AE3DCE2590C1E800C17482 /* UI_80UITests.swift in Sources */ = {isa = PBXBuildFile; fileRef = 67AE3DCD2590C1E800C17482 /* UI_80UITests.swift */; };
/* End PBXBuildFile section */

/* Begin PBXContainerItemProxy section */
		67AE3DBF2590C1E800C17482 /* PBXContainerItemProxy */ = {
			isa = PBXContainerItemProxy;
			containerPortal = 67AE3DA52590C1E500C17482 /* Project object */;
			proxyType = 1;
			remoteGlobalIDString = 67AE3DAC2590C1E500C17482;
			remoteInfo = "UI-80";
		};
		67AE3DCA2590C1E800C17482 /* PBXContainerItemProxy */ = {
			isa = PBXContainerItemProxy;
			containerPortal = 67AE3DA52590C1E500C17482 /* Project object */;
			proxyType = 1;
			remoteGlobalIDString = 67AE3DAC2590C1E500C17482;
			remoteInfo = "UI-80";
		};
/* End PBXContainerItemProxy section */

/* Begin PBXFileReference section */
		67AE3DAD2590C1E500C17482 /* UI-80.app */ = {isa = PBXFileReference; explicitFileType = wrapper.application; includeInIndex = 0; path = "UI-80.app"; sourceTree = BUILT_PRODUCTS_DIR; };
		67AE3DB02590C1E500C17482 /* UI_80App.swift */ = {isa = PBXFileReference; lastKnownFileType = sourcecode.swift; path = UI_80App.swift; sourceTree = "<group>"; };
		67AE3DB22590C1E500C17482 /* ContentView.swift */ = {isa = PBXFileReference; lastKnownFileType = sourcecode.swift; path = ContentView.swift; sourceTree = "<group>"; };
		67AE3DB42590C1E800C17482 /* Assets.xcassets */ = {isa = PBXFileReference; lastKnownFileType = folder.assetcatalog; path = Assets.xcassets; sourceTree = "<group>"; };
		67AE3DB72590C1E800C17482 /* Preview Assets.xcassets */ = {isa = PBXFileReference; lastKnownFileType = folder.assetcatalog; path = "Preview Assets.xcassets"; sourceTree = "<group>"; };
		67AE3DB92590C1E800C17482 /* Info.plist */ = {isa = PBXFileReference; lastKnownFileType = text.plist.xml; path = Info.plist; sourceTree = "<group>"; };
		67AE3DBE2590C1E800C17482 /* UI-80Tests.xctest */ = {isa = PBXFileReference; explicitFileType = wrapper.cfbundle; includeInIndex = 0; path = "UI-80Tests.xctest"; sourceTree = BUILT_PRODUCTS_DIR; };
		67AE3DC22590C1E800C17482 /* UI_80Tests.swift */ = {isa = PBXFileReference; lastKnownFileType = sourcecode.swift; path = UI_80Tests.swift; sourceTree = "<group>"; };
		67AE3DC42590C1E800C17482 /* Info.plist */ = {isa = PBXFileReference; lastKnownFileType = text.plist.xml; path = Info.plist; sourceTree = "<group>"; };
		67AE3DC92590C1E800C17482 /* UI-80UITests.xctest */ = {isa = PBXFileReference; explicitFileType = wrapper.cfbundle; includeInIndex = 0; path = "UI-80UITests.xctest"; sourceTree = BUILT_PRODUCTS_DIR; };
		67AE3DCD2590C1E800C17482 /* UI_80UITests.swift */ = {isa = PBXFileReference; lastKnownFileType = sourcecode.swift; path = UI_80UITests.swift; sourceTree = "<group>"; };
		67AE3DCF2590C1E800C17482 /* Info.plist */ = {isa = PBXFileReference; lastKnownFileType = text.plist.xml; path = Info.plist; sourceTree = "<group>"; };
/* End PBXFileReference section */

/* Begin PBXFrameworksBuildPhase section */
		67AE3DAA2590C1E500C17482 /* Frameworks */ = {
			isa = PBXFrameworksBuildPhase;
			buildActionMask = 2147483647;
			files = (
			);
			runOnlyForDeploymentPostprocessing = 0;
		};
		67AE3DBB2590C1E800C17482 /* Frameworks */ = {
			isa = PBXFrameworksBuildPhase;
			buildActionMask = 2147483647;
			files = (
			);
			runOnlyForDeploymentPostprocessing = 0;
		};
		67AE3DC62590C1E800C17482 /* Frameworks */ = {
			isa = PBXFrameworksBuildPhase;
			buildActionMask = 2147483647;
			files = (
			);
			runOnlyForDeploymentPostprocessing = 0;
		};
/* End PBXFrameworksBuildPhase section */

/* Begin PBXGroup section */
		67AE3DA42590C1E500C17482 = {
			isa = PBXGroup;
			children = (
				67AE3DAF2590C1E500C17482 /* UI-80 */,
				67AE3DC12590C1E800C17482 /* UI-80Tests */,
				67AE3DCC2590C1E800C17482 /* UI-80UITests */,
				67AE3DAE2590C1E500C17482 /* Products */,
			);
			sourceTree = "<group>";
		};
		67AE3DAE2590C1E500C17482 /* Products */ = {
			isa = PBXGroup;
			children = (
				67AE3DAD2590C1E500C17482 /* UI-80.app */,
				67AE3DBE2590C1E800C17482 /* UI-80Tests.xctest */,
				67AE3DC92590C1E800C17482 /* UI-80UITests.xctest */,
			);
			name = Products;
			sourceTree = "<group>";
		};
		67AE3DAF2590C1E500C17482 /* UI-80 */ = {
			isa = PBXGroup;
			children = (
				67AE3DB02590C1E500C17482 /* UI_80App.swift */,
				67AE3DB22590C1E500C17482 /* ContentView.swift */,
				67AE3DB42590C1E800C17482 /* Assets.xcassets */,
				67AE3DB92590C1E800C17482 /* Info.plist */,
				67AE3DB62590C1E800C17482 /* Preview Content */,
			);
			path = "UI-80";
			sourceTree = "<group>";
		};
		67AE3DB62590C1E800C17482 /* Preview Content */ = {
			isa = PBXGroup;
			children = (
				67AE3DB72590C1E800C17482 /* Preview Assets.xcassets */,
			);
			path = "Preview Content";
			sourceTree = "<group>";
		};
		67AE3DC12590C1E800C17482 /* UI-80Tests */ = {
			isa = PBXGroup;
			children = (
				67AE3DC22590C1E800C17482 /* UI_80Tests.swift */,
				67AE3DC42590C1E800C17482 /* Info.plist */,
			);
			path = "UI-80Tests";
			sourceTree = "<group>";
		};
		67AE3DCC2590C1E800C17482 /* UI-80UITests */ = {
			isa = PBXGroup;
			children = (
				67AE3DCD2590C1E800C17482 /* UI_80UITests.swift */,
				67AE3DCF2590C1E800C17482 /* Info.plist */,
			);
			path = "UI-80UITests";
			sourceTree = "<group>";
		};
/* End PBXGroup section */

/* Begin PBXNativeTarget section */
		67AE3DAC2590C1E500C17482 /* UI-80 */ = {
			isa = PBXNativeTarget;
			buildConfigurationList = 67AE3DD22590C1E800C17482 /* Build configuration list for PBXNativeTarget "UI-80" */;
			buildPhases = (
				67AE3DA92590C1E500C17482 /* Sources */,
				67AE3DAA2590C1E500C17482 /* Frameworks */,
				67AE3DAB2590C1E500C17482 /* Resources */,
			);
			buildRules = (
			);
			dependencies = (
			);
			name = "UI-80";
			productName = "UI-80";
			productReference = 67AE3DAD2590C1E500C17482 /* UI-80.app */;
			productType = "com.apple.product-type.application";
		};
		67AE3DBD2590C1E800C17482 /* UI-80Tests */ = {
			isa = PBXNativeTarget;
			buildConfigurationList = 67AE3DD52590C1E800C17482 /* Build configuration list for PBXNativeTarget "UI-80Tests" */;
			buildPhases = (
				67AE3DBA2590C1E800C17482 /* Sources */,
				67AE3DBB2590C1E800C17482 /* Frameworks */,
				67AE3DBC2590C1E800C17482 /* Resources */,
			);
			buildRules = (
			);
			dependencies = (
				67AE3DC02590C1E800C17482 /* PBXTargetDependency */,
			);
			name = "UI-80Tests";
			productName = "UI-80Tests";
			productReference = 67AE3DBE2590C1E800C17482 /* UI-80Tests.xctest */;
			productType = "com.apple.product-type.bundle.unit-test";
		};
		67AE3DC82590C1E800C17482 /* UI-80UITests */ = {
			isa = PBXNativeTarget;
			buildConfigurationList = 67AE3DD82590C1E800C17482 /* Build configuration list for PBXNativeTarget "UI-80UITests" */;
			buildPhases = (
				67AE3DC52590C1E800C17482 /* Sources */,
				67AE3DC62590C1E800C17482 /* Frameworks */,
				67AE3DC72590C1E800C17482 /* Resources */,
			);
			buildRules = (
			);
			dependencies = (
				67AE3DCB2590C1E800C17482 /* PBXTargetDependency */,
			);
			name = "UI-80UITests";
			productName = "UI-80UITests";
			productReference = 67AE3DC92590C1E800C17482 /* UI-80UITests.xctest */;
			productType = "com.apple.product-type.bundle.ui-testing";
		};
/* End PBXNativeTarget section */

/* Begin PBXProject section */
		67AE3DA52590C1E500C17482 /* Project object */ = {
			isa = PBXProject;
			attributes = {
				LastSwiftUpdateCheck = 1230;
				LastUpgradeCheck = 1230;
				TargetAttributes = {
					67AE3DAC2590C1E500C17482 = {
						CreatedOnToolsVersion = 12.3;
					};
					67AE3DBD2590C1E800C17482 = {
						CreatedOnToolsVersion = 12.3;
						TestTargetID = 67AE3DAC2590C1E500C17482;
					};
					67AE3DC82590C1E800C17482 = {
						CreatedOnToolsVersion = 12.3;
						TestTargetID = 67AE3DAC2590C1E500C17482;
					};
				};
			};
			buildConfigurationList = 67AE3DA82590C1E500C17482 /* Build configuration list for PBXProject "UI-80" */;
			compatibilityVersion = "Xcode 9.3";
			developmentRegion = en;
			hasScannedForEncodings = 0;
			knownRegions = (
				en,
				Base,
			);
			mainGroup = 67AE3DA42590C1E500C17482;
			productRefGroup = 67AE3DAE2590C1E500C17482 /* Products */;
			projectDirPath = "";
			projectRoot = "";
			targets = (
				67AE3DAC2590C1E500C17482 /* UI-80 */,
				67AE3DBD2590C1E800C17482 /* UI-80Tests */,
				67AE3DC82590C1E800C17482 /* UI-80UITests */,
			);
		};
/* End PBXProject section */

/* Begin PBXResourcesBuildPhase section */
		67AE3DAB2590C1E500C17482 /* Resources */ = {
			isa = PBXResourcesBuildPhase;
			buildActionMask = 2147483647;
			files = (
				67AE3DB82590C1E800C17482 /* Preview Assets.xcassets in Resources */,
				67AE3DB52590C1E800C17482 /* Assets.xcassets in Resources */,
			);
			runOnlyForDeploymentPostprocessing = 0;
		};
		67AE3DBC2590C1E800C17482 /* Resources */ = {
			isa = PBXResourcesBuildPhase;
			buildActionMask = 2147483647;
			files = (
			);
			runOnlyForDeploymentPostprocessing = 0;
		};
		67AE3DC72590C1E800C17482 /* Resources */ = {
			isa = PBXResourcesBuildPhase;
			buildActionMask = 2147483647;
			files = (
			);
			runOnlyForDeploymentPostprocessing = 0;
		};
/* End PBXResourcesBuildPhase section */

/* Begin PBXSourcesBuildPhase section */
		67AE3DA92590C1E500C17482 /* Sources */ = {
			isa = PBXSourcesBuildPhase;
			buildActionMask = 2147483647;
			files = (
				67AE3DB32590C1E500C17482 /* ContentView.swift in Sources */,
				67AE3DB12590C1E500C17482 /* UI_80App.swift in Sources */,
			);
			runOnlyForDeploymentPostprocessing = 0;
		};
		67AE3DBA2590C1E800C17482 /* Sources */ = {
			isa = PBXSourcesBuildPhase;
			buildActionMask = 2147483647;
			files = (
				67AE3DC32590C1E800C17482 /* UI_80Tests.swift in Sources */,
			);
			runOnlyForDeploymentPostprocessing = 0;
		};
		67AE3DC52590C1E800C17482 /* Sources */ = {
			isa = PBXSourcesBuildPhase;
			buildActionMask = 2147483647;
			files = (
				67AE3DCE2590C1E800C17482 /* UI_80UITests.swift in Sources */,
			);
			runOnlyForDeploymentPostprocessing = 0;
		};
/* End PBXSourcesBuildPhase section */

/* Begin PBXTargetDependency section */
		67AE3DC02590C1E800C17482 /* PBXTargetDependency */ = {
			isa = PBXTargetDependency;
			target = 67AE3DAC2590C1E500C17482 /* UI-80 */;
			targetProxy = 67AE3DBF2590C1E800C17482 /* PBXContainerItemProxy */;
		};
		67AE3DCB2590C1E800C17482 /* PBXTargetDependency */ = {
			isa = PBXTargetDependency;
			target = 67AE3DAC2590C1E500C17482 /* UI-80 */;
			targetProxy = 67AE3DCA2590C1E800C17482 /* PBXContainerItemProxy */;
		};
/* End PBXTargetDependency section */

/* Begin XCBuildConfiguration section */
		67AE3DD02590C1E800C17482 /* Debug */ = {
			isa = XCBuildConfiguration;
			buildSettings = {
				ALWAYS_SEARCH_USER_PATHS = NO;
				CLANG_ANALYZER_NONNULL = YES;
				CLANG_ANALYZER_NUMBER_OBJECT_CONVERSION = YES_AGGRESSIVE;
				CLANG_CXX_LANGUAGE_STANDARD = "gnu++14";
				CLANG_CXX_LIBRARY = "libc++";
				CLANG_ENABLE_MODULES = YES;
				CLANG_ENABLE_OBJC_ARC = YES;
				CLANG_ENABLE_OBJC_WEAK = YES;
				CLANG_WARN_BLOCK_CAPTURE_AUTORELEASING = YES;
				CLANG_WARN_BOOL_CONVERSION = YES;
				CLANG_WARN_COMMA = YES;
				CLANG_WARN_CONSTANT_CONVERSION = YES;
				CLANG_WARN_DEPRECATED_OBJC_IMPLEMENTATIONS = YES;
				CLANG_WARN_DIRECT_OBJC_ISA_USAGE = YES_ERROR;
				CLANG_WARN_DOCUMENTATION_COMMENTS = YES;
				CLANG_WARN_EMPTY_BODY = YES;
				CLANG_WARN_ENUM_CONVERSION = YES;
				CLANG_WARN_INFINITE_RECURSION = YES;
				CLANG_WARN_INT_CONVERSION = YES;
				CLANG_WARN_NON_LITERAL_NULL_CONVERSION = YES;
				CLANG_WARN_OBJC_IMPLICIT_RETAIN_SELF = YES;
				CLANG_WARN_OBJC_LITERAL_CONVERSION = YES;
				CLANG_WARN_OBJC_ROOT_CLASS = YES_ERROR;
				CLANG_WARN_QUOTED_INCLUDE_IN_FRAMEWORK_HEADER = YES;
				CLANG_WARN_RANGE_LOOP_ANALYSIS = YES;
				CLANG_WARN_STRICT_PROTOTYPES = YES;
				CLANG_WARN_SUSPICIOUS_MOVE = YES;
				CLANG_WARN_UNGUARDED_AVAILABILITY = YES_AGGRESSIVE;
				CLANG_WARN_UNREACHABLE_CODE = YES;
				CLANG_WARN__DUPLICATE_METHOD_MATCH = YES;
				COPY_PHASE_STRIP = NO;
				DEBUG_INFORMATION_FORMAT = dwarf;
				ENABLE_STRICT_OBJC_MSGSEND = YES;
				ENABLE_TESTABILITY = YES;
				GCC_C_LANGUAGE_STANDARD = gnu11;
				GCC_DYNAMIC_NO_PIC = NO;
				GCC_NO_COMMON_BLOCKS = YES;
				GCC_OPTIMIZATION_LEVEL = 0;
				GCC_PREPROCESSOR_DEFINITIONS = (
					"DEBUG=1",
					"$(inherited)",
				);
				GCC_WARN_64_TO_32_BIT_CONVERSION = YES;
				GCC_WARN_ABOUT_RETURN_TYPE = YES_ERROR;
				GCC_WARN_UNDECLARED_SELECTOR = YES;
				GCC_WARN_UNINITIALIZED_AUTOS = YES_AGGRESSIVE;
				GCC_WARN_UNUSED_FUNCTION = YES;
				GCC_WARN_UNUSED_VARIABLE = YES;
				IPHONEOS_DEPLOYMENT_TARGET = 14.3;
				MTL_ENABLE_DEBUG_INFO = INCLUDE_SOURCE;
				MTL_FAST_MATH = YES;
				ONLY_ACTIVE_ARCH = YES;
				SDKROOT = iphoneos;
				SWIFT_ACTIVE_COMPILATION_CONDITIONS = DEBUG;
				SWIFT_OPTIMIZATION_LEVEL = "-Onone";
			};
			name = Debug;
		};
		67AE3DD12590C1E800C17482 /* Release */ = {
			isa = XCBuildConfiguration;
			buildSettings = {
				ALWAYS_SEARCH_USER_PATHS = NO;
				CLANG_ANALYZER_NONNULL = YES;
				CLANG_ANALYZER_NUMBER_OBJECT_CONVERSION = YES_AGGRESSIVE;
				CLANG_CXX_LANGUAGE_STANDARD = "gnu++14";
				CLANG_CXX_LIBRARY = "libc++";
				CLANG_ENABLE_MODULES = YES;
				CLANG_ENABLE_OBJC_ARC = YES;
				CLANG_ENABLE_OBJC_WEAK = YES;
				CLANG_WARN_BLOCK_CAPTURE_AUTORELEASING = YES;
				CLANG_WARN_BOOL_CONVERSION = YES;
				CLANG_WARN_COMMA = YES;
				CLANG_WARN_CONSTANT_CONVERSION = YES;
				CLANG_WARN_DEPRECATED_OBJC_IMPLEMENTATIONS = YES;
				CLANG_WARN_DIRECT_OBJC_ISA_USAGE = YES_ERROR;
				CLANG_WARN_DOCUMENTATION_COMMENTS = YES;
				CLANG_WARN_EMPTY_BODY = YES;
				CLANG_WARN_ENUM_CONVERSION = YES;
				CLANG_WARN_INFINITE_RECURSION = YES;
				CLANG_WARN_INT_CONVERSION = YES;
				CLANG_WARN_NON_LITERAL_NULL_CONVERSION = YES;
				CLANG_WARN_OBJC_IMPLICIT_RETAIN_SELF = YES;
				CLANG_WARN_OBJC_LITERAL_CONVERSION = YES;
				CLANG_WARN_OBJC_ROOT_CLASS = YES_ERROR;
				CLANG_WARN_QUOTED_INCLUDE_IN_FRAMEWORK_HEADER = YES;
				CLANG_WARN_RANGE_LOOP_ANALYSIS = YES;
				CLANG_WARN_STRICT_PROTOTYPES = YES;
				CLANG_WARN_SUSPICIOUS_MOVE = YES;
				CLANG_WARN_UNGUARDED_AVAILABILITY = YES_AGGRESSIVE;
				CLANG_WARN_UNREACHABLE_CODE = YES;
				CLANG_WARN__DUPLICATE_METHOD_MATCH = YES;
				COPY_PHASE_STRIP = NO;
				DEBUG_INFORMATION_FORMAT = "dwarf-with-dsym";
				ENABLE_NS_ASSERTIONS = NO;
				ENABLE_STRICT_OBJC_MSGSEND = YES;
				GCC_C_LANGUAGE_STANDARD = gnu11;
				GCC_NO_COMMON_BLOCKS = YES;
				GCC_WARN_64_TO_32_BIT_CONVERSION = YES;
				GCC_WARN_ABOUT_RETURN_TYPE = YES_ERROR;
				GCC_WARN_UNDECLARED_SELECTOR = YES;
				GCC_WARN_UNINITIALIZED_AUTOS = YES_AGGRESSIVE;
				GCC_WARN_UNUSED_FUNCTION = YES;
				GCC_WARN_UNUSED_VARIABLE = YES;
				IPHONEOS_DEPLOYMENT_TARGET = 14.3;
				MTL_ENABLE_DEBUG_INFO = NO;
				MTL_FAST_MATH = YES;
				SDKROOT = iphoneos;
				SWIFT_COMPILATION_MODE = wholemodule;
				SWIFT_OPTIMIZATION_LEVEL = "-O";
				VALIDATE_PRODUCT = YES;
			};
			name = Release;
		};
		67AE3DD32590C1E800C17482 /* Debug */ = {
			isa = XCBuildConfiguration;
			buildSettings = {
				ASSETCATALOG_COMPILER_APPICON_NAME = AppIcon;
				ASSETCATALOG_COMPILER_GLOBAL_ACCENT_COLOR_NAME = AccentColor;
				CODE_SIGN_STYLE = Automatic;
				DEVELOPMENT_ASSET_PATHS = "\"UI-80/Preview Content\"";
				ENABLE_PREVIEWS = YES;
				INFOPLIST_FILE = "UI-80/Info.plist";
				IPHONEOS_DEPLOYMENT_TARGET = 14.0;
				LD_RUNPATH_SEARCH_PATHS = (
					"$(inherited)",
					"@executable_path/Frameworks",
				);
				PRODUCT_BUNDLE_IDENTIFIER = "com.uzu.UI-80";
				PRODUCT_NAME = "$(TARGET_NAME)";
				SWIFT_VERSION = 5.0;
				TARGETED_DEVICE_FAMILY = "1,2";
			};
			name = Debug;
		};
		67AE3DD42590C1E800C17482 /* Release */ = {
			isa = XCBuildConfiguration;
			buildSettings = {
				ASSETCATALOG_COMPILER_APPICON_NAME = AppIcon;
				ASSETCATALOG_COMPILER_GLOBAL_ACCENT_COLOR_NAME = AccentColor;
				CODE_SIGN_STYLE = Automatic;
				DEVELOPMENT_ASSET_PATHS = "\"UI-80/Preview Content\"";
				ENABLE_PREVIEWS = YES;
				INFOPLIST_FILE = "UI-80/Info.plist";
				IPHONEOS_DEPLOYMENT_TARGET = 14.0;
				LD_RUNPATH_SEARCH_PATHS = (
					"$(inherited)",
					"@executable_path/Frameworks",
				);
				PRODUCT_BUNDLE_IDENTIFIER = "com.uzu.UI-80";
				PRODUCT_NAME = "$(TARGET_NAME)";
				SWIFT_VERSION = 5.0;
				TARGETED_DEVICE_FAMILY = "1,2";
			};
			name = Release;
		};
		67AE3DD62590C1E800C17482 /* Debug */ = {
			isa = XCBuildConfiguration;
			buildSettings = {
				ALWAYS_EMBED_SWIFT_STANDARD_LIBRARIES = YES;
				BUNDLE_LOADER = "$(TEST_HOST)";
				CODE_SIGN_STYLE = Automatic;
				INFOPLIST_FILE = "UI-80Tests/Info.plist";
				IPHONEOS_DEPLOYMENT_TARGET = 14.0;
				LD_RUNPATH_SEARCH_PATHS = (
					"$(inherited)",
					"@executable_path/Frameworks",
					"@loader_path/Frameworks",
				);
				PRODUCT_BUNDLE_IDENTIFIER = "com.uzu.UI-80Tests";
				PRODUCT_NAME = "$(TARGET_NAME)";
				SWIFT_VERSION = 5.0;
				TARGETED_DEVICE_FAMILY = "1,2";
				TEST_HOST = "$(BUILT_PRODUCTS_DIR)/UI-80.app/UI-80";
			};
			name = Debug;
		};
		67AE3DD72590C1E800C17482 /* Release */ = {
			isa = XCBuildConfiguration;
			buildSettings = {
				ALWAYS_EMBED_SWIFT_STANDARD_LIBRARIES = YES;
				BUNDLE_LOADER = "$(TEST_HOST)";
				CODE_SIGN_STYLE = Automatic;
				INFOPLIST_FILE = "UI-80Tests/Info.plist";
				IPHONEOS_DEPLOYMENT_TARGET = 14.0;
				LD_RUNPATH_SEARCH_PATHS = (
					"$(inherited)",
					"@executable_path/Frameworks",
					"@loader_path/Frameworks",
				);
				PRODUCT_BUNDLE_IDENTIFIER = "com.uzu.UI-80Tests";
				PRODUCT_NAME = "$(TARGET_NAME)";
				SWIFT_VERSION = 5.0;
				TARGETED_DEVICE_FAMILY = "1,2";
				TEST_HOST = "$(BUILT_PRODUCTS_DIR)/UI-80.app/UI-80";
			};
			name = Release;
		};
		67AE3DD92590C1E800C17482 /* Debug */ = {
			isa = XCBuildConfiguration;
			buildSettings = {
				ALWAYS_EMBED_SWIFT_STANDARD_LIBRARIES = YES;
				CODE_SIGN_STYLE = Automatic;
				INFOPLIST_FILE = "UI-80UITests/Info.plist";
				LD_RUNPATH_SEARCH_PATHS = (
					"$(inherited)",
					"@executable_path/Frameworks",
					"@loader_path/Frameworks",
				);
				PRODUCT_BUNDLE_IDENTIFIER = "com.uzu.UI-80UITests";
				PRODUCT_NAME = "$(TARGET_NAME)";
				SWIFT_VERSION = 5.0;
				TARGETED_DEVICE_FAMILY = "1,2";
				TEST_TARGET_NAME = "UI-80";
			};
			name = Debug;
		};
		67AE3DDA2590C1E800C17482 /* Release */ = {
			isa = XCBuildConfiguration;
			buildSettings = {
				ALWAYS_EMBED_SWIFT_STANDARD_LIBRARIES = YES;
				CODE_SIGN_STYLE = Automatic;
				INFOPLIST_FILE = "UI-80UITests/Info.plist";
				LD_RUNPATH_SEARCH_PATHS = (
					"$(inherited)",
					"@executable_path/Frameworks",
					"@loader_path/Frameworks",
				);
				PRODUCT_BUNDLE_IDENTIFIER = "com.uzu.UI-80UITests";
				PRODUCT_NAME = "$(TARGET_NAME)";
				SWIFT_VERSION = 5.0;
				TARGETED_DEVICE_FAMILY = "1,2";
				TEST_TARGET_NAME = "UI-80";
			};
			name = Release;
		};
/* End XCBuildConfiguration section */

/* Begin XCConfigurationList section */
		67AE3DA82590C1E500C17482 /* Build configuration list for PBXProject "UI-80" */ = {
			isa = XCConfigurationList;
			buildConfigurations = (
				67AE3DD02590C1E800C17482 /* Debug */,
				67AE3DD12590C1E800C17482 /* Release */,
			);
			defaultConfigurationIsVisible = 0;
			defaultConfigurationName = Release;
		};
		67AE3DD22590C1E800C17482 /* Build configuration list for PBXNativeTarget "UI-80" */ = {
			isa = XCConfigurationList;
			buildConfigurations = (
				67AE3DD32590C1E800C17482 /* Debug */,
				67AE3DD42590C1E800C17482 /* Release */,
			);
			defaultConfigurationIsVisible = 0;
			defaultConfigurationName = Release;
		};
		67AE3DD52590C1E800C17482 /* Build configuration list for PBXNativeTarget "UI-80Tests" */ = {
			isa = XCConfigurationList;
			buildConfigurations = (
				67AE3DD62590C1E800C17482 /* Debug */,
				67AE3DD72590C1E800C17482 /* Release */,
			);
			defaultConfigurationIsVisible = 0;
			defaultConfigurationName = Release;
		};
		67AE3DD82590C1E800C17482 /* Build configuration list for PBXNativeTarget "UI-80UITests" */ = {
			isa = XCConfigurationList;
			buildConfigurations = (
				67AE3DD92590C1E800C17482 /* Debug */,
				67AE3DDA2590C1E800C17482 /* Release */,
			);
			defaultConfigurationIsVisible = 0;
			defaultConfigurationName = Release;
		};
/* End XCConfigurationList section */
	};
	rootObject = 67AE3DA52590C1E500C17482 /* Project object */;
}
